{
  "version": 4,
  "terraform_version": "1.9.5",
  "serial": 5,
  "lineage": "5c79e828-130e-9018-f627-55aaf44a3358",
  "outputs": {},
  "resources": [
    {
      "mode": "managed",
      "type": "azurerm_resource_group",
      "name": "andre_savedra_bot2_group2",
      "provider": "provider[\"registry.terraform.io/hashicorp/azurerm\"]",
      "instances": [
        {
          "schema_version": 0,
          "attributes": {
            "id": "/subscriptions/250ae9c3-6c33-4030-b72a-ed22fce22920/resourceGroups/andre_savedra_bot2_group2",
            "location": "eastus2",
            "managed_by": "",
            "name": "andre_savedra_bot2_group2",
            "tags": null,
            "timeouts": null
          },
          "sensitive_attributes": [],
          "private": "eyJlMmJmYjczMC1lY2FhLTExZTYtOGY4OC0zNDM2M2JjN2M0YzAiOnsiY3JlYXRlIjo1NDAwMDAwMDAwMDAwLCJkZWxldGUiOjU0MDAwMDAwMDAwMDAsInJlYWQiOjMwMDAwMDAwMDAwMCwidXBkYXRlIjo1NDAwMDAwMDAwMDAwfX0="
        }
      ]
    },
    {
      "mode": "managed",
      "type": "azurerm_service_plan",
      "name": "andre_savedra_bot2_sp2",
      "provider": "provider[\"registry.terraform.io/hashicorp/azurerm\"]",
      "instances": [
        {
          "schema_version": 1,
          "attributes": {
            "app_service_environment_id": "",
            "id": "/subscriptions/250ae9c3-6c33-4030-b72a-ed22fce22920/resourceGroups/andre_savedra_bot2_group2/providers/Microsoft.Web/serverFarms/andre_savedra_bot2_sp2",
            "kind": "app",
            "location": "eastus2",
            "maximum_elastic_worker_count": 1,
            "name": "andre_savedra_bot2_sp2",
            "os_type": "Windows",
            "per_site_scaling_enabled": false,
            "reserved": false,
            "resource_group_name": "andre_savedra_bot2_group2",
            "sku_name": "S1",
            "tags": null,
            "timeouts": null,
            "worker_count": 1,
            "zone_balancing_enabled": false
          },
          "sensitive_attributes": [],
          "private": "eyJlMmJmYjczMC1lY2FhLTExZTYtOGY4OC0zNDM2M2JjN2M0YzAiOnsiY3JlYXRlIjozNjAwMDAwMDAwMDAwLCJkZWxldGUiOjM2MDAwMDAwMDAwMDAsInJlYWQiOjMwMDAwMDAwMDAwMCwidXBkYXRlIjozNjAwMDAwMDAwMDAwfSwic2NoZW1hX3ZlcnNpb24iOiIxIn0=",
          "dependencies": [
            "azurerm_resource_group.andre_savedra_bot2_group2"
          ]
        }
      ]
    },
    {
      "mode": "managed",
      "type": "azurerm_windows_web_app",
      "name": "andre_sav_bot_app2",
      "provider": "provider[\"registry.terraform.io/hashicorp/azurerm\"]",
      "instances": [
        {
          "schema_version": 1,
          "attributes": {
            "app_settings": null,
            "auth_settings": [],
            "auth_settings_v2": [],
            "backup": [],
            "client_affinity_enabled": false,
            "client_certificate_enabled": false,
            "client_certificate_exclusion_paths": "",
            "client_certificate_mode": "Required",
            "connection_string": [],
            "custom_domain_verification_id": "A20FD1DD24553625936AB5B41DE2EF7587D48487C39A0BACDD28821A1F09571F",
            "default_hostname": "andre-savedra-bot2-app2.azurewebsites.net",
            "enabled": true,
            "ftp_publish_basic_authentication_enabled": true,
            "hosting_environment_id": "",
            "https_only": false,
            "id": "/subscriptions/250ae9c3-6c33-4030-b72a-ed22fce22920/resourceGroups/andre_savedra_bot2_group2/providers/Microsoft.Web/sites/andre-savedra-bot2-app2",
            "identity": [],
            "key_vault_reference_identity_id": "SystemAssigned",
            "kind": "app",
            "location": "eastus2",
            "logs": [],
            "name": "andre-savedra-bot2-app2",
            "outbound_ip_address_list": [
              "191.236.193.41",
              "191.236.193.61",
              "191.236.193.107",
              "191.236.193.165",
              "191.236.192.121"
            ],
            "outbound_ip_addresses": "191.236.193.41,191.236.193.61,191.236.193.107,191.236.193.165,191.236.192.121",
            "possible_outbound_ip_address_list": [
              "191.236.193.41",
              "191.236.193.61",
              "191.236.193.107",
              "191.236.193.165",
              "40.70.59.190",
              "40.70.63.0",
              "104.46.106.41",
              "40.70.59.246",
              "40.70.63.76",
              "20.96.145.172",
              "20.22.72.39",
              "20.22.72.130",
              "20.22.73.4",
              "20.22.73.188",
              "20.22.75.214",
              "20.72.106.249",
              "20.72.108.43",
              "20.94.0.80",
              "20.94.2.255",
              "20.94.3.0",
              "20.94.3.22",
              "191.236.192.121"
            ],
            "possible_outbound_ip_addresses": "191.236.193.41,191.236.193.61,191.236.193.107,191.236.193.165,40.70.59.190,40.70.63.0,104.46.106.41,40.70.59.246,40.70.63.76,20.96.145.172,20.22.72.39,20.22.72.130,20.22.73.4,20.22.73.188,20.22.75.214,20.72.106.249,20.72.108.43,20.94.0.80,20.94.2.255,20.94.3.0,20.94.3.22,191.236.192.121",
            "public_network_access_enabled": true,
            "resource_group_name": "andre_savedra_bot2_group2",
            "service_plan_id": "/subscriptions/250ae9c3-6c33-4030-b72a-ed22fce22920/resourceGroups/andre_savedra_bot2_group2/providers/Microsoft.Web/serverFarms/andre_savedra_bot2_sp2",
            "site_config": [
              {
                "always_on": false,
                "api_definition_url": "",
                "api_management_api_id": "",
                "app_command_line": "",
                "application_stack": [
                  {
                    "current_stack": "",
                    "docker_image_name": "",
                    "docker_registry_password": "",
                    "docker_registry_url": "",
                    "docker_registry_username": "",
                    "dotnet_core_version": "",
                    "dotnet_version": "v4.0",
                    "java_container": "",
                    "java_container_version": "",
                    "java_embedded_server_enabled": false,
                    "java_version": "",
                    "node_version": "",
                    "php_version": "5.6",
                    "python": false,
                    "tomcat_version": ""
                  }
                ],
                "auto_heal_setting": [],
                "container_registry_managed_identity_client_id": "",
                "container_registry_use_managed_identity": false,
                "cors": [],
                "default_documents": [
                  "Default.htm",
                  "Default.html",
                  "Default.asp",
                  "index.htm",
                  "index.html",
                  "iisstart.htm",
                  "default.aspx",
                  "index.php",
                  "hostingstart.html"
                ],
                "detailed_error_logging_enabled": false,
                "ftps_state": "Disabled",
                "handler_mapping": [],
                "health_check_eviction_time_in_min": 0,
                "health_check_path": "",
                "http2_enabled": false,
                "ip_restriction": [],
                "ip_restriction_default_action": "Allow",
                "linux_fx_version": "",
                "load_balancing_mode": "LeastRequests",
                "local_mysql_enabled": false,
                "managed_pipeline_mode": "Integrated",
                "minimum_tls_version": "1.2",
                "remote_debugging_enabled": false,
                "remote_debugging_version": "VS2022",
                "scm_ip_restriction": [],
                "scm_ip_restriction_default_action": "Allow",
                "scm_minimum_tls_version": "1.2",
                "scm_type": "None",
                "scm_use_main_ip_restriction": false,
                "use_32_bit_worker": true,
                "virtual_application": [],
                "vnet_route_all_enabled": false,
                "websockets_enabled": false,
                "windows_fx_version": "",
                "worker_count": 1
              }
            ],
            "site_credential": [
              {
                "name": "$andre-savedra-bot2-app2",
                "password": "NnawsDGqfRqgGW0sjN4xerrDFRwyskCcJ9x7JRAoQttFvfXj4gttN8TtA3Pe"
              }
            ],
            "sticky_settings": [],
            "storage_account": [],
            "tags": null,
            "timeouts": null,
            "virtual_network_subnet_id": "",
            "webdeploy_publish_basic_authentication_enabled": true,
            "zip_deploy_file": ""
          },
          "sensitive_attributes": [
            [
              {
                "type": "get_attr",
                "value": "custom_domain_verification_id"
              }
            ],
            [
              {
                "type": "get_attr",
                "value": "site_config"
              },
              {
                "type": "index",
                "value": {
                  "value": 0,
                  "type": "number"
                }
              },
              {
                "type": "get_attr",
                "value": "application_stack"
              },
              {
                "type": "index",
                "value": {
                  "value": 0,
                  "type": "number"
                }
              },
              {
                "type": "get_attr",
                "value": "docker_registry_password"
              }
            ],
            [
              {
                "type": "get_attr",
                "value": "site_credential"
              }
            ]
          ],
          "private": "eyJlMmJmYjczMC1lY2FhLTExZTYtOGY4OC0zNDM2M2JjN2M0YzAiOnsiY3JlYXRlIjoxODAwMDAwMDAwMDAwLCJkZWxldGUiOjE4MDAwMDAwMDAwMDAsInJlYWQiOjMwMDAwMDAwMDAwMCwidXBkYXRlIjoxODAwMDAwMDAwMDAwfSwic2NoZW1hX3ZlcnNpb24iOiIxIn0=",
          "dependencies": [
            "azurerm_resource_group.andre_savedra_bot2_group2",
            "azurerm_service_plan.andre_savedra_bot2_sp2"
          ]
        }
      ]
    },
    {
      "mode": "managed",
      "type": "azurerm_windows_web_app_slot",
      "name": "andre_savedra_bot2_slot_qa2",
      "provider": "provider[\"registry.terraform.io/hashicorp/azurerm\"]",
      "instances": [
        {
          "schema_version": 1,
          "attributes": {
            "app_service_id": "/subscriptions/250ae9c3-6c33-4030-b72a-ed22fce22920/resourceGroups/andre_savedra_bot2_group2/providers/Microsoft.Web/sites/andre-savedra-bot2-app2",
            "app_settings": null,
            "auth_settings": [],
            "auth_settings_v2": [],
            "backup": [],
            "client_affinity_enabled": false,
            "client_certificate_enabled": false,
            "client_certificate_exclusion_paths": "",
            "client_certificate_mode": "Required",
            "connection_string": [],
            "custom_domain_verification_id": "A20FD1DD24553625936AB5B41DE2EF7587D48487C39A0BACDD28821A1F09571F",
            "default_hostname": "andre-savedra-bot2-app2-andre-savedra-bot2-slot-qa2.azurewebsites.net",
            "enabled": true,
            "ftp_publish_basic_authentication_enabled": true,
            "hosting_environment_id": "",
            "https_only": false,
            "id": "/subscriptions/250ae9c3-6c33-4030-b72a-ed22fce22920/resourceGroups/andre_savedra_bot2_group2/providers/Microsoft.Web/sites/andre-savedra-bot2-app2/slots/andre-savedra-bot2-slot-qa2",
            "identity": [],
            "key_vault_reference_identity_id": "SystemAssigned",
            "kind": "app",
            "logs": [],
            "name": "andre-savedra-bot2-slot-qa2",
            "outbound_ip_address_list": [
              "191.236.193.41",
              "191.236.193.61",
              "191.236.193.107",
              "191.236.193.165",
              "191.236.192.121"
            ],
            "outbound_ip_addresses": "191.236.193.41,191.236.193.61,191.236.193.107,191.236.193.165,191.236.192.121",
            "possible_outbound_ip_address_list": [
              "191.236.193.41",
              "191.236.193.61",
              "191.236.193.107",
              "191.236.193.165",
              "40.70.59.190",
              "40.70.63.0",
              "104.46.106.41",
              "40.70.59.246",
              "40.70.63.76",
              "20.96.145.172",
              "20.22.72.39",
              "20.22.72.130",
              "20.22.73.4",
              "20.22.73.188",
              "20.22.75.214",
              "20.72.106.249",
              "20.72.108.43",
              "20.94.0.80",
              "20.94.2.255",
              "20.94.3.0",
              "20.94.3.22",
              "191.236.192.121"
            ],
            "possible_outbound_ip_addresses": "191.236.193.41,191.236.193.61,191.236.193.107,191.236.193.165,40.70.59.190,40.70.63.0,104.46.106.41,40.70.59.246,40.70.63.76,20.96.145.172,20.22.72.39,20.22.72.130,20.22.73.4,20.22.73.188,20.22.75.214,20.72.106.249,20.72.108.43,20.94.0.80,20.94.2.255,20.94.3.0,20.94.3.22,191.236.192.121",
            "public_network_access_enabled": true,
            "service_plan_id": "",
            "site_config": [
              {
                "always_on": true,
                "api_definition_url": "",
                "api_management_api_id": "",
                "app_command_line": "",
                "application_stack": [
                  {
                    "current_stack": "",
                    "docker_image_name": "",
                    "docker_registry_password": "",
                    "docker_registry_url": "",
                    "docker_registry_username": "",
                    "dotnet_core_version": "",
                    "dotnet_version": "v4.0",
                    "java_container": "",
                    "java_container_version": "",
                    "java_embedded_server_enabled": false,
                    "java_version": "",
                    "node_version": "",
                    "php_version": "5.6",
                    "python": false,
                    "tomcat_version": ""
                  }
                ],
                "auto_heal_setting": [],
                "auto_swap_slot_name": "",
                "container_registry_managed_identity_client_id": "",
                "container_registry_use_managed_identity": false,
                "cors": [],
                "default_documents": [
                  "Default.htm",
                  "Default.html",
                  "Default.asp",
                  "index.htm",
                  "index.html",
                  "iisstart.htm",
                  "default.aspx",
                  "index.php",
                  "hostingstart.html"
                ],
                "detailed_error_logging_enabled": false,
                "ftps_state": "Disabled",
                "handler_mapping": [],
                "health_check_eviction_time_in_min": 0,
                "health_check_path": "",
                "http2_enabled": false,
                "ip_restriction": [],
                "ip_restriction_default_action": "Allow",
                "load_balancing_mode": "LeastRequests",
                "local_mysql_enabled": false,
                "managed_pipeline_mode": "Integrated",
                "minimum_tls_version": "1.2",
                "remote_debugging_enabled": false,
                "remote_debugging_version": "VS2022",
                "scm_ip_restriction": [],
                "scm_ip_restriction_default_action": "Allow",
                "scm_minimum_tls_version": "1.2",
                "scm_type": "None",
                "scm_use_main_ip_restriction": false,
                "use_32_bit_worker": false,
                "virtual_application": [],
                "vnet_route_all_enabled": false,
                "websockets_enabled": false,
                "windows_fx_version": "",
                "worker_count": 1
              }
            ],
            "site_credential": [
              {
                "name": "$andre-savedra-bot2-app2__andre-savedra-bot2-slot-qa2",
                "password": "Dw88uYtbyskYG8uPGjQ0G4TjAwFsi0LsdmysGhyrFSKXZgiXwxLXNqDXNolB"
              }
            ],
            "storage_account": [],
            "tags": null,
            "timeouts": null,
            "virtual_network_subnet_id": "",
            "webdeploy_publish_basic_authentication_enabled": true,
            "zip_deploy_file": ""
          },
          "sensitive_attributes": [
            [
              {
                "type": "get_attr",
                "value": "custom_domain_verification_id"
              }
            ],
            [
              {
                "type": "get_attr",
                "value": "site_credential"
              }
            ],
            [
              {
                "type": "get_attr",
                "value": "site_config"
              },
              {
                "type": "index",
                "value": {
                  "value": 0,
                  "type": "number"
                }
              },
              {
                "type": "get_attr",
                "value": "application_stack"
              },
              {
                "type": "index",
                "value": {
                  "value": 0,
                  "type": "number"
                }
              },
              {
                "type": "get_attr",
                "value": "docker_registry_password"
              }
            ]
          ],
          "private": "eyJlMmJmYjczMC1lY2FhLTExZTYtOGY4OC0zNDM2M2JjN2M0YzAiOnsiY3JlYXRlIjoxODAwMDAwMDAwMDAwLCJkZWxldGUiOjE4MDAwMDAwMDAwMDAsInJlYWQiOjMwMDAwMDAwMDAwMCwidXBkYXRlIjoxODAwMDAwMDAwMDAwfSwic2NoZW1hX3ZlcnNpb24iOiIxIn0=",
          "dependencies": [
            "azurerm_resource_group.andre_savedra_bot2_group2",
            "azurerm_service_plan.andre_savedra_bot2_sp2",
            "azurerm_windows_web_app.andre_sav_bot_app2"
          ]
        }
      ]
    }
  ],
  "check_results": null
}
